
Microsoft Visual Studio Solution File, Format Version 12.00
# Visual Studio Version 17
VisualStudioVersion = 17.10.35013.160
MinimumVisualStudioVersion = 10.0.40219.1
Project("{9A19103F-16F7-4668-BE54-9A1E7A4F7556}") = "SportSpot", "SportSpot\SportSpot.csproj", "{269E5E4E-B5EA-412D-88A0-C3F3A9D3783A}"
EndProject
Project("{9A19103F-16F7-4668-BE54-9A1E7A4F7556}") = "SportSpot-Test", "SportSpot-Test\SportSpot-Test.csproj", "{47A315A2-582F-48B6-91F5-6A9614BC444F}"
EndProject
Project("{9A19103F-16F7-4668-BE54-9A1E7A4F7556}") = "Integration-Test", "Integration-Test\Integration-Test.csproj", "{C292F9B9-98C3-4514-8D73-592CD205A9F9}"
EndProject
Global
	GlobalSection(SolutionConfigurationPlatforms) = preSolution
		Debug|Any CPU = Debug|Any CPU
		Release|Any CPU = Release|Any CPU
	EndGlobalSection
	GlobalSection(ProjectConfigurationPlatforms) = postSolution
		{269E5E4E-B5EA-412D-88A0-C3F3A9D3783A}.Debug|Any CPU.ActiveCfg = Debug|Any CPU
		{269E5E4E-B5EA-412D-88A0-C3F3A9D3783A}.Debug|Any CPU.Build.0 = Debug|Any CPU
		{269E5E4E-B5EA-412D-88A0-C3F3A9D3783A}.Release|Any CPU.ActiveCfg = Release|Any CPU
		{269E5E4E-B5EA-412D-88A0-C3F3A9D3783A}.Release|Any CPU.Build.0 = Release|Any CPU
		{47A315A2-582F-48B6-91F5-6A9614BC444F}.Debug|Any CPU.ActiveCfg = Debug|Any CPU
		{47A315A2-582F-48B6-91F5-6A9614BC444F}.Debug|Any CPU.Build.0 = Debug|Any CPU
		{47A315A2-582F-48B6-91F5-6A9614BC444F}.Release|Any CPU.ActiveCfg = Release|Any CPU
		{47A315A2-582F-48B6-91F5-6A9614BC444F}.Release|Any CPU.Build.0 = Release|Any CPU
		{C292F9B9-98C3-4514-8D73-592CD205A9F9}.Debug|Any CPU.ActiveCfg = Debug|Any CPU
		{C292F9B9-98C3-4514-8D73-592CD205A9F9}.Debug|Any CPU.Build.0 = Debug|Any CPU
		{C292F9B9-98C3-4514-8D73-592CD205A9F9}.Release|Any CPU.ActiveCfg = Release|Any CPU
		{C292F9B9-98C3-4514-8D73-592CD205A9F9}.Release|Any CPU.Build.0 = Release|Any CPU
	EndGlobalSection
	GlobalSection(SolutionProperties) = preSolution
		HideSolutionNode = FALSE
	EndGlobalSection
	GlobalSection(ExtensibilityGlobals) = postSolution
		SolutionGuid = {5B7643CA-57CD-414C-B6AF-EA2E05F1C03C}
	EndGlobalSection
EndGlobal
