
Microsoft Visual Studio Solution File, Format Version 12.00
# Visual Studio Version 17
VisualStudioVersion = 17.5.002.0
MinimumVisualStudioVersion = 10.0.40219.1
Project("{9A19103F-16F7-4668-BE54-9A1E7A4F7556}") = "Integration-Test", "Integration-Test.csproj", "{B4CCFBEA-807A-4F4D-8EFF-2F8E8A0B602A}"
EndProject
Global
	GlobalSection(SolutionConfigurationPlatforms) = preSolution
		Debug|Any CPU = Debug|Any CPU
		Release|Any CPU = Release|Any CPU
	EndGlobalSection
	GlobalSection(ProjectConfigurationPlatforms) = postSolution
		{B4CCFBEA-807A-4F4D-8EFF-2F8E8A0B602A}.Debug|Any CPU.ActiveCfg = Debug|Any CPU
		{B4CCFBEA-807A-4F4D-8EFF-2F8E8A0B602A}.Debug|Any CPU.Build.0 = Debug|Any CPU
		{B4CCFBEA-807A-4F4D-8EFF-2F8E8A0B602A}.Release|Any CPU.ActiveCfg = Release|Any CPU
		{B4CCFBEA-807A-4F4D-8EFF-2F8E8A0B602A}.Release|Any CPU.Build.0 = Release|Any CPU
	EndGlobalSection
	GlobalSection(SolutionProperties) = preSolution
		HideSolutionNode = FALSE
	EndGlobalSection
	GlobalSection(ExtensibilityGlobals) = postSolution
		SolutionGuid = {B6068A9F-7B1F-4889-91D9-2E33B67220F4}
	EndGlobalSection
EndGlobal
